{
  "name": "Backend",
  "lockfileVersion": 3,
  "requires": true,
  "packages": {
    "": {
      "dependencies": {
        "@firebase/auth": "^1.7.3"
      }
    },
    "node_modules/@fastify/busboy": {
      "version": "2.1.1",
      "resolved": "https://registry.npmjs.org/@fastify/busboy/-/busboy-2.1.1.tgz",
      "integrity": "sha512-vBZP4NlzfOlerQTnba4aqZoMhE/a9HY7HRqoOPaETQcSQuWEIyZMHGfVu6w9wGtGK5fED5qRs2DteVCjOH60sA==",
      "engines": {
        "node": ">=14"
      }
    },
    "node_modules/@firebase/app": {
      "version": "0.10.3",
      "resolved": "https://registry.npmjs.org/@firebase/app/-/app-0.10.3.tgz",
      "integrity": "sha512-+pW2wNjijh88aFRjNWhDNlVJI5vB7q1IKYEE79a7ErxwNS/Bo+oh16aAAPvunhT06EF5I8y9gAlNuHNN8u4z8g==",
      "peer": true,
      "dependencies": {
        "@firebase/component": "0.6.7",
        "@firebase/logger": "0.4.2",
        "@firebase/util": "1.9.6",
        "idb": "7.1.1",
        "tslib": "^2.1.0"
      }
    },
    "node_modules/@firebase/auth": {
      "version": "1.7.3",
      "resolved": "https://registry.npmjs.org/@firebase/auth/-/auth-1.7.3.tgz",
      "integrity": "sha512-RiU1PjziOxLuyswtYtLK2qSjHIQJQGCk1h986SUFRbMQfzLXbQg8ZgXwxac1UAfDOzgzqPNCXhBuIlSK2UomoQ==",
      "dependencies": {
        "@firebase/component": "0.6.7",
        "@firebase/logger": "0.4.2",
        "@firebase/util": "1.9.6",
        "tslib": "^2.1.0",
        "undici": "5.28.4"
      },
      "peerDependencies": {
        "@firebase/app": "0.x",
        "@react-native-async-storage/async-storage": "^1.18.1"
      },
      "peerDependenciesMeta": {
        "@react-native-async-storage/async-storage": {
          "optional": true
        }
      }
    },
    "node_modules/@firebase/component": {
      "version": "0.6.7",
      "resolved": "https://registry.npmjs.org/@firebase/component/-/component-0.6.7.tgz",
      "integrity": "sha512-baH1AA5zxfaz4O8w0vDwETByrKTQqB5CDjRls79Sa4eAGAoERw4Tnung7XbMl3jbJ4B/dmmtsMrdki0KikwDYA==",
      "dependencies": {
        "@firebase/util": "1.9.6",
        "tslib": "^2.1.0"
      }
    },
    "node_modules/@firebase/logger": {
      "version": "0.4.2",
      "resolved": "https://registry.npmjs.org/@firebase/logger/-/logger-0.4.2.tgz",
      "integrity": "sha512-Q1VuA5M1Gjqrwom6I6NUU4lQXdo9IAQieXlujeHZWvRt1b7qQ0KwBaNAjgxG27jgF9/mUwsNmO8ptBCGVYhB0A==",
      "dependencies": {
        "tslib": "^2.1.0"
      }
    },
    "node_modules/@firebase/util": {
      "version": "1.9.6",
      "resolved": "https://registry.npmjs.org/@firebase/util/-/util-1.9.6.tgz",
      "integrity": "sha512-IBr1MZbp4d5MjBCXL3TW1dK/PDXX4yOGbiwRNh1oAbE/+ci5Uuvy9KIrsFYY80as1I0iOaD5oOMA9Q8j4TJWcw==",
      "dependencies": {
        "tslib": "^2.1.0"
      }
    },
    "node_modules/idb": {
      "version": "7.1.1",
      "resolved": "https://registry.npmjs.org/idb/-/idb-7.1.1.tgz",
      "integrity": "sha512-gchesWBzyvGHRO9W8tzUWFDycow5gwjvFKfyV9FF32Y7F50yZMp7mP+T2mJIWFx49zicqyC4uefHM17o6xKIVQ==",
      "peer": true
    },
    "node_modules/tslib": {
      "version": "2.6.2",
      "resolved": "https://registry.npmjs.org/tslib/-/tslib-2.6.2.tgz",
      "integrity": "sha512-AEYxH93jGFPn/a2iVAwW87VuUIkR1FVUKB77NwMF7nBTDkDrrT/Hpt/IrCJ0QXhW27jTBDcf5ZY7w6RiqTMw2Q=="
    },
    "node_modules/undici": {
      "version": "5.28.4",
      "resolved": "https://registry.npmjs.org/undici/-/undici-5.28.4.tgz",
      "integrity": "sha512-72RFADWFqKmUb2hmmvNODKL3p9hcB6Gt2DOQMis1SEBaV6a4MH8soBvzg+95CYhCKPFedut2JY9bMfrDl9D23g==",
      "dependencies": {
        "@fastify/busboy": "^2.0.0"
      },
      "engines": {
        "node": ">=14.0"
      }
    }
  }
}
